
Microsoft Visual Studio Solution File, Format Version 12.00
# Visual Studio Version 16
VisualStudioVersion = 16.0.33927.289
MinimumVisualStudioVersion = 10.0.40219.1
Project("{2150E333-8FDC-42A3-9474-1A3956D46DE8}") = "Task0", "Task0", "{2C97BDAB-2707-4E2A-B73A-DE416AEE2CB3}"
EndProject
Project("{FAE04EC0-301F-11D3-BF4B-00C04F79EFBC}") = "Tyuiu.ZuborevDA.Sprint6.Task0.V6.Lib", "Tyuiu.ZuborevDA.Sprint6.Task0.V6.Lib\Tyuiu.ZuborevDA.Sprint6.Task0.V6.Lib.csproj", "{47A1D15E-CC3B-4784-A3EE-07CF17C78325}"
EndProject
Project("{FAE04EC0-301F-11D3-BF4B-00C04F79EFBC}") = "Tyuiu.ZuborevDA.Sprint6.Task0.V6.Test", "Tyuiu.ZuborevDA.Sprint6.Task0.V6.Test\Tyuiu.ZuborevDA.Sprint6.Task0.V6.Test.csproj", "{0699EBAB-713D-4220-835B-194B6DB058B1}"
EndProject
Project("{FAE04EC0-301F-11D3-BF4B-00C04F79EFBC}") = "Tyuiu.ZuborevDA.Sprint6.Task0.V6", "Tyuiu.ZuborevDA.Sprint6.Task0.V6\Tyuiu.ZuborevDA.Sprint6.Task0.V6.csproj", "{5D5331DB-D15E-4A61-B06B-F26A6031645F}"
EndProject
Project("{2150E333-8FDC-42A3-9474-1A3956D46DE8}") = "Task1", "Task1", "{FCFB5B9E-984F-45B5-A20F-CE70D952894E}"
EndProject
Project("{FAE04EC0-301F-11D3-BF4B-00C04F79EFBC}") = "Tyuiu.ZuborevDA.Sprint6.Task1.V13.Lib", "Tyuiu.ZuborevDA.Sprint6.Task1.V13.Lib\Tyuiu.ZuborevDA.Sprint6.Task1.V13.Lib.csproj", "{C8E9D0C5-E901-43DF-BF87-C12AA6116A00}"
EndProject
Project("{FAE04EC0-301F-11D3-BF4B-00C04F79EFBC}") = "Tyuiu.ZuborevDA.Sprint6.Task1.V13.Test", "Tyuiu.ZuborevDA.Sprint6.Task1.V13.Test\Tyuiu.ZuborevDA.Sprint6.Task1.V13.Test.csproj", "{69BAB75A-F7DF-40C4-AA79-4CAC9739E9DE}"
EndProject
Project("{FAE04EC0-301F-11D3-BF4B-00C04F79EFBC}") = "Tyuiu.ZuborevDA.Sprint6.Task1.V13", "Tyuiu.ZuborevDA.Sprint6.Task1.V13\Tyuiu.ZuborevDA.Sprint6.Task1.V13.csproj", "{977DC0C0-B776-4765-8E3E-E5E4F9441571}"
EndProject
Project("{2150E333-8FDC-42A3-9474-1A3956D46DE8}") = "Task2", "Task2", "{C1C51CC3-C0FA-4CD4-8B6C-28310F7B2E12}"
EndProject
Project("{FAE04EC0-301F-11D3-BF4B-00C04F79EFBC}") = "Tyuiu.ZuborevDA.Sprint6.Task2.V7", "Tyuiu.ZuborevDA.Sprint6.Task2.V7\Tyuiu.ZuborevDA.Sprint6.Task2.V7.csproj", "{1B3BA8C4-16F6-47CE-AF0B-540DB97FDD5F}"
EndProject
Project("{FAE04EC0-301F-11D3-BF4B-00C04F79EFBC}") = "Tyuiu.ZuborevDA.Sprint6.Task2.V7.Lib", "Tyuiu.ZuborevDA.Sprint6.Task2.V7.Lib\Tyuiu.ZuborevDA.Sprint6.Task2.V7.Lib.csproj", "{C8AE3F38-EE41-42D1-A3B2-CB94AB4A013B}"
EndProject
Project("{FAE04EC0-301F-11D3-BF4B-00C04F79EFBC}") = "Tyuiu.ZuborevDA.Sprint6.Task2.V7.Test", "Tyuiu.ZuborevDA.Sprint6.Task2.V7.Test\Tyuiu.ZuborevDA.Sprint6.Task2.V7.Test.csproj", "{42955FEC-D891-4C59-A284-EC89D7E61B41}"
EndProject
Project("{2150E333-8FDC-42A3-9474-1A3956D46DE8}") = "Task3", "Task3", "{3E2CB029-9F66-487E-8C3E-C91C6EF73289}"
EndProject
Project("{FAE04EC0-301F-11D3-BF4B-00C04F79EFBC}") = "Tyuiu.ZuborevDA.Sprint6.Task3.V20", "Tyuiu.ZuborevDA.Sprint6.Task3.V20\Tyuiu.ZuborevDA.Sprint6.Task3.V20.csproj", "{3884B5B4-7B15-4295-B2E3-066B4AC1CEE9}"
EndProject
Project("{FAE04EC0-301F-11D3-BF4B-00C04F79EFBC}") = "Tyuiu.ZuborevDA.Sprint6.Task3.V20.Lib", "Tyuiu.ZuborevDA.Sprint6.Task3.V20.Lib\Tyuiu.ZuborevDA.Sprint6.Task3.V20.Lib.csproj", "{1B5C3474-52D0-475F-AE41-579D6C2B185A}"
EndProject
Project("{FAE04EC0-301F-11D3-BF4B-00C04F79EFBC}") = "Tyuiu.ZuborevDA.Sprint6.Task3.V20.Test", "Tyuiu.ZuborevDA.Sprint6.Task3.V20.Test\Tyuiu.ZuborevDA.Sprint6.Task3.V20.Test.csproj", "{6845620B-27C2-4B80-8730-F86AD53045F5}"
EndProject
Project("{2150E333-8FDC-42A3-9474-1A3956D46DE8}") = "Task4", "Task4", "{EC72E6D4-9910-47DA-B191-08977248C560}"
EndProject
Project("{FAE04EC0-301F-11D3-BF4B-00C04F79EFBC}") = "Tyuiu.ZuborevDA.Sprint6.Task4.V28", "Tyuiu.ZuborevDA.Sprint6.Task4.V28\Tyuiu.ZuborevDA.Sprint6.Task4.V28.csproj", "{E615EED4-3DA7-4246-8B5F-08A8522A7152}"
EndProject
Project("{FAE04EC0-301F-11D3-BF4B-00C04F79EFBC}") = "Tyuiu.ZuborevDA.Sprint6.Task4.V28.Lib", "Tyuiu.ZuborevDA.Sprint6.Task4.V28.Lib\Tyuiu.ZuborevDA.Sprint6.Task4.V28.Lib.csproj", "{7503CEDC-F9A9-4FA6-A4B2-96CD53B6081A}"
EndProject
Project("{FAE04EC0-301F-11D3-BF4B-00C04F79EFBC}") = "Tyuiu.ZuborevDA.Sprint6.Task4.V28.Test", "Tyuiu.ZuborevDA.Sprint6.Task4.V28.Test\Tyuiu.ZuborevDA.Sprint6.Task4.V28.Test.csproj", "{B2AE4D0E-AA75-4922-BEED-91E271228DF4}"
EndProject
Project("{2150E333-8FDC-42A3-9474-1A3956D46DE8}") = "Task5", "Task5", "{AE5477EC-B51D-41BC-A22D-CF85F221B6B7}"
EndProject
Project("{FAE04EC0-301F-11D3-BF4B-00C04F79EFBC}") = "Tyuiu.ZuborevDA.Sprint6.Task5.V25", "Tyuiu.ZuborevDA.Sprint6.Task5.V25\Tyuiu.ZuborevDA.Sprint6.Task5.V25.csproj", "{F2C52B1B-356A-4267-B17D-8E936E502C89}"
EndProject
Project("{FAE04EC0-301F-11D3-BF4B-00C04F79EFBC}") = "Tyuiu.ZuborevDA.Sprint6.Task5.V25.Lib", "Tyuiu.ZuborevDA.Sprint6.Task5.V25.Lib\Tyuiu.ZuborevDA.Sprint6.Task5.V25.Lib.csproj", "{8177291E-5FA2-41A0-8887-50AA2B30EE48}"
EndProject
Project("{FAE04EC0-301F-11D3-BF4B-00C04F79EFBC}") = "Tyuiu.ZuborevDA.Sprint6.Task5.V25.Test", "Tyuiu.ZuborevDA.Sprint6.Task5.V25.Test\Tyuiu.ZuborevDA.Sprint6.Task5.V25.Test.csproj", "{CB8F8AA2-4419-4212-AD24-C9CD0CAEE2C2}"
EndProject
Project("{2150E333-8FDC-42A3-9474-1A3956D46DE8}") = "Task6", "Task6", "{5DD54D68-0FD4-4D20-845E-E7FE6D0D21B4}"
EndProject
Project("{FAE04EC0-301F-11D3-BF4B-00C04F79EFBC}") = "Tyuiu.ZuborevDA.Sprint6.Task6.V22", "Tyuiu.ZuborevDA.Sprint6.Task6.V22\Tyuiu.ZuborevDA.Sprint6.Task6.V22.csproj", "{32F18D2E-EA31-4D80-9C68-5B4AF502FD96}"
EndProject
Project("{FAE04EC0-301F-11D3-BF4B-00C04F79EFBC}") = "Tyuiu.ZuborevDA.Sprint6.Task6.V22.Test", "Tyuiu.ZuborevDA.Sprint6.Task6.V22.Test\Tyuiu.ZuborevDA.Sprint6.Task6.V22.Test.csproj", "{2F2E779E-69CB-43E8-B48D-082AC2FA43CF}"
EndProject
Project("{FAE04EC0-301F-11D3-BF4B-00C04F79EFBC}") = "Tyuiu.ZuborevDA.Sprint6.Task6.V22.Lib", "Tyuiu.ZuborevDA.Sprint6.Task6.V22.Lib\Tyuiu.ZuborevDA.Sprint6.Task6.V22.Lib.csproj", "{4EA3CDF8-1831-4F92-9F89-0D32CA8C326A}"
EndProject
Project("{2150E333-8FDC-42A3-9474-1A3956D46DE8}") = "Task7", "Task7", "{55F901E5-8C5A-4A6E-AFDB-083237261839}"
EndProject
Project("{FAE04EC0-301F-11D3-BF4B-00C04F79EFBC}") = "Tyuiu.ZuborevDA.Sprint6.Task7.V28", "Tyuiu.ZuborevDA.Sprint6.Task7.V28\Tyuiu.ZuborevDA.Sprint6.Task7.V28.csproj", "{25F65752-649A-4614-A917-A1375C9C880E}"
EndProject
Project("{FAE04EC0-301F-11D3-BF4B-00C04F79EFBC}") = "Tyuiu.ZuborevDA.Sprint6.Task7.V28.Lib", "Tyuiu.ZuborevDA.Sprint6.Task7.V28.Lib\Tyuiu.ZuborevDA.Sprint6.Task7.V28.Lib.csproj", "{9467CD51-2AFA-4583-9D29-A2157C1813A9}"
EndProject
Project("{FAE04EC0-301F-11D3-BF4B-00C04F79EFBC}") = "Tyuiu.ZuborevDA.Sprint6.Task7.V28.Test", "Tyuiu.ZuborevDA.Sprint6.Task7.V28.Test\Tyuiu.ZuborevDA.Sprint6.Task7.V28.Test.csproj", "{A9AB86F0-CC15-4589-B391-BE9CB70F3DA6}"
EndProject
Global
	GlobalSection(SolutionConfigurationPlatforms) = preSolution
		Debug|Any CPU = Debug|Any CPU
		Release|Any CPU = Release|Any CPU
	EndGlobalSection
	GlobalSection(ProjectConfigurationPlatforms) = postSolution
		{47A1D15E-CC3B-4784-A3EE-07CF17C78325}.Debug|Any CPU.ActiveCfg = Debug|Any CPU
		{47A1D15E-CC3B-4784-A3EE-07CF17C78325}.Debug|Any CPU.Build.0 = Debug|Any CPU
		{47A1D15E-CC3B-4784-A3EE-07CF17C78325}.Release|Any CPU.ActiveCfg = Release|Any CPU
		{47A1D15E-CC3B-4784-A3EE-07CF17C78325}.Release|Any CPU.Build.0 = Release|Any CPU
		{0699EBAB-713D-4220-835B-194B6DB058B1}.Debug|Any CPU.ActiveCfg = Debug|Any CPU
		{0699EBAB-713D-4220-835B-194B6DB058B1}.Debug|Any CPU.Build.0 = Debug|Any CPU
		{0699EBAB-713D-4220-835B-194B6DB058B1}.Release|Any CPU.ActiveCfg = Release|Any CPU
		{0699EBAB-713D-4220-835B-194B6DB058B1}.Release|Any CPU.Build.0 = Release|Any CPU
		{5D5331DB-D15E-4A61-B06B-F26A6031645F}.Debug|Any CPU.ActiveCfg = Debug|Any CPU
		{5D5331DB-D15E-4A61-B06B-F26A6031645F}.Debug|Any CPU.Build.0 = Debug|Any CPU
		{5D5331DB-D15E-4A61-B06B-F26A6031645F}.Release|Any CPU.ActiveCfg = Release|Any CPU
		{5D5331DB-D15E-4A61-B06B-F26A6031645F}.Release|Any CPU.Build.0 = Release|Any CPU
		{C8E9D0C5-E901-43DF-BF87-C12AA6116A00}.Debug|Any CPU.ActiveCfg = Debug|Any CPU
		{C8E9D0C5-E901-43DF-BF87-C12AA6116A00}.Debug|Any CPU.Build.0 = Debug|Any CPU
		{C8E9D0C5-E901-43DF-BF87-C12AA6116A00}.Release|Any CPU.ActiveCfg = Release|Any CPU
		{C8E9D0C5-E901-43DF-BF87-C12AA6116A00}.Release|Any CPU.Build.0 = Release|Any CPU
		{69BAB75A-F7DF-40C4-AA79-4CAC9739E9DE}.Debug|Any CPU.ActiveCfg = Debug|Any CPU
		{69BAB75A-F7DF-40C4-AA79-4CAC9739E9DE}.Debug|Any CPU.Build.0 = Debug|Any CPU
		{69BAB75A-F7DF-40C4-AA79-4CAC9739E9DE}.Release|Any CPU.ActiveCfg = Release|Any CPU
		{69BAB75A-F7DF-40C4-AA79-4CAC9739E9DE}.Release|Any CPU.Build.0 = Release|Any CPU
		{977DC0C0-B776-4765-8E3E-E5E4F9441571}.Debug|Any CPU.ActiveCfg = Debug|Any CPU
		{977DC0C0-B776-4765-8E3E-E5E4F9441571}.Debug|Any CPU.Build.0 = Debug|Any CPU
		{977DC0C0-B776-4765-8E3E-E5E4F9441571}.Release|Any CPU.ActiveCfg = Release|Any CPU
		{977DC0C0-B776-4765-8E3E-E5E4F9441571}.Release|Any CPU.Build.0 = Release|Any CPU
		{1B3BA8C4-16F6-47CE-AF0B-540DB97FDD5F}.Debug|Any CPU.ActiveCfg = Debug|Any CPU
		{1B3BA8C4-16F6-47CE-AF0B-540DB97FDD5F}.Debug|Any CPU.Build.0 = Debug|Any CPU
		{1B3BA8C4-16F6-47CE-AF0B-540DB97FDD5F}.Release|Any CPU.ActiveCfg = Release|Any CPU
		{1B3BA8C4-16F6-47CE-AF0B-540DB97FDD5F}.Release|Any CPU.Build.0 = Release|Any CPU
		{C8AE3F38-EE41-42D1-A3B2-CB94AB4A013B}.Debug|Any CPU.ActiveCfg = Debug|Any CPU
		{C8AE3F38-EE41-42D1-A3B2-CB94AB4A013B}.Debug|Any CPU.Build.0 = Debug|Any CPU
		{C8AE3F38-EE41-42D1-A3B2-CB94AB4A013B}.Release|Any CPU.ActiveCfg = Release|Any CPU
		{C8AE3F38-EE41-42D1-A3B2-CB94AB4A013B}.Release|Any CPU.Build.0 = Release|Any CPU
		{42955FEC-D891-4C59-A284-EC89D7E61B41}.Debug|Any CPU.ActiveCfg = Debug|Any CPU
		{42955FEC-D891-4C59-A284-EC89D7E61B41}.Debug|Any CPU.Build.0 = Debug|Any CPU
		{42955FEC-D891-4C59-A284-EC89D7E61B41}.Release|Any CPU.ActiveCfg = Release|Any CPU
		{42955FEC-D891-4C59-A284-EC89D7E61B41}.Release|Any CPU.Build.0 = Release|Any CPU
		{3884B5B4-7B15-4295-B2E3-066B4AC1CEE9}.Debug|Any CPU.ActiveCfg = Debug|Any CPU
		{3884B5B4-7B15-4295-B2E3-066B4AC1CEE9}.Debug|Any CPU.Build.0 = Debug|Any CPU
		{3884B5B4-7B15-4295-B2E3-066B4AC1CEE9}.Release|Any CPU.ActiveCfg = Release|Any CPU
		{3884B5B4-7B15-4295-B2E3-066B4AC1CEE9}.Release|Any CPU.Build.0 = Release|Any CPU
		{1B5C3474-52D0-475F-AE41-579D6C2B185A}.Debug|Any CPU.ActiveCfg = Debug|Any CPU
		{1B5C3474-52D0-475F-AE41-579D6C2B185A}.Debug|Any CPU.Build.0 = Debug|Any CPU
		{1B5C3474-52D0-475F-AE41-579D6C2B185A}.Release|Any CPU.ActiveCfg = Release|Any CPU
		{1B5C3474-52D0-475F-AE41-579D6C2B185A}.Release|Any CPU.Build.0 = Release|Any CPU
		{6845620B-27C2-4B80-8730-F86AD53045F5}.Debug|Any CPU.ActiveCfg = Debug|Any CPU
		{6845620B-27C2-4B80-8730-F86AD53045F5}.Debug|Any CPU.Build.0 = Debug|Any CPU
		{6845620B-27C2-4B80-8730-F86AD53045F5}.Release|Any CPU.ActiveCfg = Release|Any CPU
		{6845620B-27C2-4B80-8730-F86AD53045F5}.Release|Any CPU.Build.0 = Release|Any CPU
		{E615EED4-3DA7-4246-8B5F-08A8522A7152}.Debug|Any CPU.ActiveCfg = Debug|Any CPU
		{E615EED4-3DA7-4246-8B5F-08A8522A7152}.Debug|Any CPU.Build.0 = Debug|Any CPU
		{E615EED4-3DA7-4246-8B5F-08A8522A7152}.Release|Any CPU.ActiveCfg = Release|Any CPU
		{E615EED4-3DA7-4246-8B5F-08A8522A7152}.Release|Any CPU.Build.0 = Release|Any CPU
		{7503CEDC-F9A9-4FA6-A4B2-96CD53B6081A}.Debug|Any CPU.ActiveCfg = Debug|Any CPU
		{7503CEDC-F9A9-4FA6-A4B2-96CD53B6081A}.Debug|Any CPU.Build.0 = Debug|Any CPU
		{7503CEDC-F9A9-4FA6-A4B2-96CD53B6081A}.Release|Any CPU.ActiveCfg = Release|Any CPU
		{7503CEDC-F9A9-4FA6-A4B2-96CD53B6081A}.Release|Any CPU.Build.0 = Release|Any CPU
		{B2AE4D0E-AA75-4922-BEED-91E271228DF4}.Debug|Any CPU.ActiveCfg = Debug|Any CPU
		{B2AE4D0E-AA75-4922-BEED-91E271228DF4}.Debug|Any CPU.Build.0 = Debug|Any CPU
		{B2AE4D0E-AA75-4922-BEED-91E271228DF4}.Release|Any CPU.ActiveCfg = Release|Any CPU
		{B2AE4D0E-AA75-4922-BEED-91E271228DF4}.Release|Any CPU.Build.0 = Release|Any CPU
		{F2C52B1B-356A-4267-B17D-8E936E502C89}.Debug|Any CPU.ActiveCfg = Debug|Any CPU
		{F2C52B1B-356A-4267-B17D-8E936E502C89}.Debug|Any CPU.Build.0 = Debug|Any CPU
		{F2C52B1B-356A-4267-B17D-8E936E502C89}.Release|Any CPU.ActiveCfg = Release|Any CPU
		{F2C52B1B-356A-4267-B17D-8E936E502C89}.Release|Any CPU.Build.0 = Release|Any CPU
		{8177291E-5FA2-41A0-8887-50AA2B30EE48}.Debug|Any CPU.ActiveCfg = Debug|Any CPU
		{8177291E-5FA2-41A0-8887-50AA2B30EE48}.Debug|Any CPU.Build.0 = Debug|Any CPU
		{8177291E-5FA2-41A0-8887-50AA2B30EE48}.Release|Any CPU.ActiveCfg = Release|Any CPU
		{8177291E-5FA2-41A0-8887-50AA2B30EE48}.Release|Any CPU.Build.0 = Release|Any CPU
		{CB8F8AA2-4419-4212-AD24-C9CD0CAEE2C2}.Debug|Any CPU.ActiveCfg = Debug|Any CPU
		{CB8F8AA2-4419-4212-AD24-C9CD0CAEE2C2}.Debug|Any CPU.Build.0 = Debug|Any CPU
		{CB8F8AA2-4419-4212-AD24-C9CD0CAEE2C2}.Release|Any CPU.ActiveCfg = Release|Any CPU
		{CB8F8AA2-4419-4212-AD24-C9CD0CAEE2C2}.Release|Any CPU.Build.0 = Release|Any CPU
		{32F18D2E-EA31-4D80-9C68-5B4AF502FD96}.Debug|Any CPU.ActiveCfg = Debug|Any CPU
		{32F18D2E-EA31-4D80-9C68-5B4AF502FD96}.Debug|Any CPU.Build.0 = Debug|Any CPU
		{32F18D2E-EA31-4D80-9C68-5B4AF502FD96}.Release|Any CPU.ActiveCfg = Release|Any CPU
		{32F18D2E-EA31-4D80-9C68-5B4AF502FD96}.Release|Any CPU.Build.0 = Release|Any CPU
		{2F2E779E-69CB-43E8-B48D-082AC2FA43CF}.Debug|Any CPU.ActiveCfg = Debug|Any CPU
		{2F2E779E-69CB-43E8-B48D-082AC2FA43CF}.Debug|Any CPU.Build.0 = Debug|Any CPU
		{2F2E779E-69CB-43E8-B48D-082AC2FA43CF}.Release|Any CPU.ActiveCfg = Release|Any CPU
		{2F2E779E-69CB-43E8-B48D-082AC2FA43CF}.Release|Any CPU.Build.0 = Release|Any CPU
		{4EA3CDF8-1831-4F92-9F89-0D32CA8C326A}.Debug|Any CPU.ActiveCfg = Debug|Any CPU
		{4EA3CDF8-1831-4F92-9F89-0D32CA8C326A}.Debug|Any CPU.Build.0 = Debug|Any CPU
		{4EA3CDF8-1831-4F92-9F89-0D32CA8C326A}.Release|Any CPU.ActiveCfg = Release|Any CPU
		{4EA3CDF8-1831-4F92-9F89-0D32CA8C326A}.Release|Any CPU.Build.0 = Release|Any CPU
		{25F65752-649A-4614-A917-A1375C9C880E}.Debug|Any CPU.ActiveCfg = Debug|Any CPU
		{25F65752-649A-4614-A917-A1375C9C880E}.Debug|Any CPU.Build.0 = Debug|Any CPU
		{25F65752-649A-4614-A917-A1375C9C880E}.Release|Any CPU.ActiveCfg = Release|Any CPU
		{25F65752-649A-4614-A917-A1375C9C880E}.Release|Any CPU.Build.0 = Release|Any CPU
		{9467CD51-2AFA-4583-9D29-A2157C1813A9}.Debug|Any CPU.ActiveCfg = Debug|Any CPU
		{9467CD51-2AFA-4583-9D29-A2157C1813A9}.Debug|Any CPU.Build.0 = Debug|Any CPU
		{9467CD51-2AFA-4583-9D29-A2157C1813A9}.Release|Any CPU.ActiveCfg = Release|Any CPU
		{9467CD51-2AFA-4583-9D29-A2157C1813A9}.Release|Any CPU.Build.0 = Release|Any CPU
		{A9AB86F0-CC15-4589-B391-BE9CB70F3DA6}.Debug|Any CPU.ActiveCfg = Debug|Any CPU
		{A9AB86F0-CC15-4589-B391-BE9CB70F3DA6}.Debug|Any CPU.Build.0 = Debug|Any CPU
		{A9AB86F0-CC15-4589-B391-BE9CB70F3DA6}.Release|Any CPU.ActiveCfg = Release|Any CPU
		{A9AB86F0-CC15-4589-B391-BE9CB70F3DA6}.Release|Any CPU.Build.0 = Release|Any CPU
	EndGlobalSection
	GlobalSection(SolutionProperties) = preSolution
		HideSolutionNode = FALSE
	EndGlobalSection
	GlobalSection(NestedProjects) = preSolution
		{47A1D15E-CC3B-4784-A3EE-07CF17C78325} = {2C97BDAB-2707-4E2A-B73A-DE416AEE2CB3}
		{0699EBAB-713D-4220-835B-194B6DB058B1} = {2C97BDAB-2707-4E2A-B73A-DE416AEE2CB3}
		{5D5331DB-D15E-4A61-B06B-F26A6031645F} = {2C97BDAB-2707-4E2A-B73A-DE416AEE2CB3}
		{C8E9D0C5-E901-43DF-BF87-C12AA6116A00} = {FCFB5B9E-984F-45B5-A20F-CE70D952894E}
		{69BAB75A-F7DF-40C4-AA79-4CAC9739E9DE} = {FCFB5B9E-984F-45B5-A20F-CE70D952894E}
		{977DC0C0-B776-4765-8E3E-E5E4F9441571} = {FCFB5B9E-984F-45B5-A20F-CE70D952894E}
		{1B3BA8C4-16F6-47CE-AF0B-540DB97FDD5F} = {C1C51CC3-C0FA-4CD4-8B6C-28310F7B2E12}
		{C8AE3F38-EE41-42D1-A3B2-CB94AB4A013B} = {C1C51CC3-C0FA-4CD4-8B6C-28310F7B2E12}
		{42955FEC-D891-4C59-A284-EC89D7E61B41} = {C1C51CC3-C0FA-4CD4-8B6C-28310F7B2E12}
		{3884B5B4-7B15-4295-B2E3-066B4AC1CEE9} = {3E2CB029-9F66-487E-8C3E-C91C6EF73289}
		{1B5C3474-52D0-475F-AE41-579D6C2B185A} = {3E2CB029-9F66-487E-8C3E-C91C6EF73289}
		{6845620B-27C2-4B80-8730-F86AD53045F5} = {3E2CB029-9F66-487E-8C3E-C91C6EF73289}
		{E615EED4-3DA7-4246-8B5F-08A8522A7152} = {EC72E6D4-9910-47DA-B191-08977248C560}
		{7503CEDC-F9A9-4FA6-A4B2-96CD53B6081A} = {EC72E6D4-9910-47DA-B191-08977248C560}
		{B2AE4D0E-AA75-4922-BEED-91E271228DF4} = {EC72E6D4-9910-47DA-B191-08977248C560}
		{F2C52B1B-356A-4267-B17D-8E936E502C89} = {AE5477EC-B51D-41BC-A22D-CF85F221B6B7}
		{8177291E-5FA2-41A0-8887-50AA2B30EE48} = {AE5477EC-B51D-41BC-A22D-CF85F221B6B7}
		{CB8F8AA2-4419-4212-AD24-C9CD0CAEE2C2} = {AE5477EC-B51D-41BC-A22D-CF85F221B6B7}
		{32F18D2E-EA31-4D80-9C68-5B4AF502FD96} = {5DD54D68-0FD4-4D20-845E-E7FE6D0D21B4}
		{2F2E779E-69CB-43E8-B48D-082AC2FA43CF} = {5DD54D68-0FD4-4D20-845E-E7FE6D0D21B4}
		{4EA3CDF8-1831-4F92-9F89-0D32CA8C326A} = {5DD54D68-0FD4-4D20-845E-E7FE6D0D21B4}
		{25F65752-649A-4614-A917-A1375C9C880E} = {55F901E5-8C5A-4A6E-AFDB-083237261839}
		{9467CD51-2AFA-4583-9D29-A2157C1813A9} = {55F901E5-8C5A-4A6E-AFDB-083237261839}
		{A9AB86F0-CC15-4589-B391-BE9CB70F3DA6} = {55F901E5-8C5A-4A6E-AFDB-083237261839}
	EndGlobalSection
	GlobalSection(ExtensibilityGlobals) = postSolution
		SolutionGuid = {349FE063-F32F-4CD3-B78B-F4058D8C1692}
	EndGlobalSection
EndGlobal
